
Microsoft Visual Studio Solution File, Format Version 12.00
# Visual Studio 2017
Project("{FAE04EC0-301F-11D3-BF4B-00C04F79EFBC}") = "UnityPlayground", "UnityPlayground.csproj", "{D8254C25-9761-6291-5523-B4FFD464F6FD}"
EndProject
Global
	GlobalSection(SolutionConfigurationPlatforms) = preSolution
		Debug|Any CPU = Debug|Any CPU
		Release|Any CPU = Release|Any CPU
	EndGlobalSection
	GlobalSection(ProjectConfigurationPlatforms) = postSolution
		{D8254C25-9761-6291-5523-B4FFD464F6FD}.Debug|Any CPU.ActiveCfg = Debug|Any CPU
		{D8254C25-9761-6291-5523-B4FFD464F6FD}.Debug|Any CPU.Build.0 = Debug|Any CPU
		{D8254C25-9761-6291-5523-B4FFD464F6FD}.Release|Any CPU.ActiveCfg = Release|Any CPU
		{D8254C25-9761-6291-5523-B4FFD464F6FD}.Release|Any CPU.Build.0 = Release|Any CPU
	EndGlobalSection
	GlobalSection(SolutionProperties) = preSolution
		HideSolutionNode = FALSE
	EndGlobalSection
EndGlobal
